
Microsoft Visual Studio Solution File, Format Version 12.00
# Visual Studio Version 17
VisualStudioVersion = 17.6.33723.286
MinimumVisualStudioVersion = 10.0.40219.1
Project("{FAE04EC0-301F-11D3-BF4B-00C04F79EFBC}") = "MemoryGame", "MemoryGame\MemoryGame.csproj", "{B59E4DF7-F263-4C67-B2DE-7B9BB37FF8DA}"
EndProject
Global
	GlobalSection(SolutionConfigurationPlatforms) = preSolution
		Debug|Any CPU = Debug|Any CPU
		Release|Any CPU = Release|Any CPU
	EndGlobalSection
	GlobalSection(ProjectConfigurationPlatforms) = postSolution
		{B59E4DF7-F263-4C67-B2DE-7B9BB37FF8DA}.Debug|Any CPU.ActiveCfg = Debug|Any CPU
		{B59E4DF7-F263-4C67-B2DE-7B9BB37FF8DA}.Debug|Any CPU.Build.0 = Debug|Any CPU
		{B59E4DF7-F263-4C67-B2DE-7B9BB37FF8DA}.Release|Any CPU.ActiveCfg = Release|Any CPU
		{B59E4DF7-F263-4C67-B2DE-7B9BB37FF8DA}.Release|Any CPU.Build.0 = Release|Any CPU
	EndGlobalSection
	GlobalSection(SolutionProperties) = preSolution
		HideSolutionNode = FALSE
	EndGlobalSection
	GlobalSection(ExtensibilityGlobals) = postSolution
		SolutionGuid = {7BCAA5D8-E53A-48B0-9015-B8576026C26D}
	EndGlobalSection
EndGlobal
