
Microsoft Visual Studio Solution File, Format Version 12.00
# Visual Studio Version 17
VisualStudioVersion = 17.6.33723.286
MinimumVisualStudioVersion = 10.0.40219.1
Project("{FAE04EC0-301F-11D3-BF4B-00C04F79EFBC}") = "PasswordGenerator", "PasswordGenerator\PasswordGenerator.csproj", "{2531F288-F58A-4390-B28A-3645497E76A7}"
EndProject
Global
	GlobalSection(SolutionConfigurationPlatforms) = preSolution
		Debug|Any CPU = Debug|Any CPU
		Release|Any CPU = Release|Any CPU
	EndGlobalSection
	GlobalSection(ProjectConfigurationPlatforms) = postSolution
		{2531F288-F58A-4390-B28A-3645497E76A7}.Debug|Any CPU.ActiveCfg = Debug|Any CPU
		{2531F288-F58A-4390-B28A-3645497E76A7}.Debug|Any CPU.Build.0 = Debug|Any CPU
		{2531F288-F58A-4390-B28A-3645497E76A7}.Release|Any CPU.ActiveCfg = Release|Any CPU
		{2531F288-F58A-4390-B28A-3645497E76A7}.Release|Any CPU.Build.0 = Release|Any CPU
	EndGlobalSection
	GlobalSection(SolutionProperties) = preSolution
		HideSolutionNode = FALSE
	EndGlobalSection
	GlobalSection(ExtensibilityGlobals) = postSolution
		SolutionGuid = {FBB8E42F-5546-414A-90C4-1AD5F587B149}
	EndGlobalSection
EndGlobal
